
Microsoft Visual Studio Solution File, Format Version 12.00
# Visual Studio Version 17
VisualStudioVersion = 17.12.35707.178
MinimumVisualStudioVersion = 10.0.40219.1
Project("{FAE04EC0-301F-11D3-BF4B-00C04F79EFBC}") = "MediaTekDocuments", "MediaTekDocuments\MediaTekDocuments.csproj", "{75DE903D-6147-4E14-BBE0-FA20CD1F9840}"
EndProject
Project("{FAE04EC0-301F-11D3-BF4B-00C04F79EFBC}") = "MediaTekDocumentsTests", "MediaTekDocumentsTests\MediaTekDocumentsTests.csproj", "{C91CB2E2-A8FC-4AB9-9FA0-A0C18B112F52}"
EndProject
Project("{FAE04EC0-301F-11D3-BF4B-00C04F79EFBC}") = "MediaTekIntegrationTests", "MediaTekIntegrationTests\MediaTekIntegrationTests.csproj", "{FC65C8F2-438E-4A48-9C70-AF73B072A647}"
	ProjectSection(ProjectDependencies) = postProject
		{C91CB2E2-A8FC-4AB9-9FA0-A0C18B112F52} = {C91CB2E2-A8FC-4AB9-9FA0-A0C18B112F52}
	EndProjectSection
EndProject
Project("{54435603-DBB4-11D2-8724-00A0C9A8B90C}") = "SetupMediaTekDocuments", "SetupMediaTekDocuments\SetupMediaTekDocuments.vdproj", "{D2994610-98E8-4942-8643-5515722F3FF0}"
EndProject
Global
	GlobalSection(SolutionConfigurationPlatforms) = preSolution
		Debug|Any CPU = Debug|Any CPU
		Debug|x64 = Debug|x64
		Debug|x86 = Debug|x86
		Release|Any CPU = Release|Any CPU
		Release|x64 = Release|x64
		Release|x86 = Release|x86
	EndGlobalSection
	GlobalSection(ProjectConfigurationPlatforms) = postSolution
		{75DE903D-6147-4E14-BBE0-FA20CD1F9840}.Debug|Any CPU.ActiveCfg = Debug|Any CPU
		{75DE903D-6147-4E14-BBE0-FA20CD1F9840}.Debug|Any CPU.Build.0 = Debug|Any CPU
		{75DE903D-6147-4E14-BBE0-FA20CD1F9840}.Debug|x64.ActiveCfg = Debug|Any CPU
		{75DE903D-6147-4E14-BBE0-FA20CD1F9840}.Debug|x64.Build.0 = Debug|Any CPU
		{75DE903D-6147-4E14-BBE0-FA20CD1F9840}.Debug|x86.ActiveCfg = Debug|Any CPU
		{75DE903D-6147-4E14-BBE0-FA20CD1F9840}.Debug|x86.Build.0 = Debug|Any CPU
		{75DE903D-6147-4E14-BBE0-FA20CD1F9840}.Release|Any CPU.ActiveCfg = Release|Any CPU
		{75DE903D-6147-4E14-BBE0-FA20CD1F9840}.Release|Any CPU.Build.0 = Release|Any CPU
		{75DE903D-6147-4E14-BBE0-FA20CD1F9840}.Release|x64.ActiveCfg = Release|Any CPU
		{75DE903D-6147-4E14-BBE0-FA20CD1F9840}.Release|x64.Build.0 = Release|Any CPU
		{75DE903D-6147-4E14-BBE0-FA20CD1F9840}.Release|x86.ActiveCfg = Release|Any CPU
		{75DE903D-6147-4E14-BBE0-FA20CD1F9840}.Release|x86.Build.0 = Release|Any CPU
		{C91CB2E2-A8FC-4AB9-9FA0-A0C18B112F52}.Debug|Any CPU.ActiveCfg = Debug|Any CPU
		{C91CB2E2-A8FC-4AB9-9FA0-A0C18B112F52}.Debug|Any CPU.Build.0 = Debug|Any CPU
		{C91CB2E2-A8FC-4AB9-9FA0-A0C18B112F52}.Debug|x64.ActiveCfg = Debug|Any CPU
		{C91CB2E2-A8FC-4AB9-9FA0-A0C18B112F52}.Debug|x64.Build.0 = Debug|Any CPU
		{C91CB2E2-A8FC-4AB9-9FA0-A0C18B112F52}.Debug|x86.ActiveCfg = Debug|Any CPU
		{C91CB2E2-A8FC-4AB9-9FA0-A0C18B112F52}.Debug|x86.Build.0 = Debug|Any CPU
		{C91CB2E2-A8FC-4AB9-9FA0-A0C18B112F52}.Release|Any CPU.ActiveCfg = Release|Any CPU
		{C91CB2E2-A8FC-4AB9-9FA0-A0C18B112F52}.Release|Any CPU.Build.0 = Release|Any CPU
		{C91CB2E2-A8FC-4AB9-9FA0-A0C18B112F52}.Release|x64.ActiveCfg = Release|Any CPU
		{C91CB2E2-A8FC-4AB9-9FA0-A0C18B112F52}.Release|x64.Build.0 = Release|Any CPU
		{C91CB2E2-A8FC-4AB9-9FA0-A0C18B112F52}.Release|x86.ActiveCfg = Release|Any CPU
		{C91CB2E2-A8FC-4AB9-9FA0-A0C18B112F52}.Release|x86.Build.0 = Release|Any CPU
		{FC65C8F2-438E-4A48-9C70-AF73B072A647}.Debug|Any CPU.ActiveCfg = Debug|Any CPU
		{FC65C8F2-438E-4A48-9C70-AF73B072A647}.Debug|Any CPU.Build.0 = Debug|Any CPU
		{FC65C8F2-438E-4A48-9C70-AF73B072A647}.Debug|x64.ActiveCfg = Debug|Any CPU
		{FC65C8F2-438E-4A48-9C70-AF73B072A647}.Debug|x64.Build.0 = Debug|Any CPU
		{FC65C8F2-438E-4A48-9C70-AF73B072A647}.Debug|x86.ActiveCfg = Debug|Any CPU
		{FC65C8F2-438E-4A48-9C70-AF73B072A647}.Debug|x86.Build.0 = Debug|Any CPU
		{FC65C8F2-438E-4A48-9C70-AF73B072A647}.Release|Any CPU.ActiveCfg = Release|Any CPU
		{FC65C8F2-438E-4A48-9C70-AF73B072A647}.Release|Any CPU.Build.0 = Release|Any CPU
		{FC65C8F2-438E-4A48-9C70-AF73B072A647}.Release|x64.ActiveCfg = Release|Any CPU
		{FC65C8F2-438E-4A48-9C70-AF73B072A647}.Release|x64.Build.0 = Release|Any CPU
		{FC65C8F2-438E-4A48-9C70-AF73B072A647}.Release|x86.ActiveCfg = Release|Any CPU
		{FC65C8F2-438E-4A48-9C70-AF73B072A647}.Release|x86.Build.0 = Release|Any CPU
		{D2994610-98E8-4942-8643-5515722F3FF0}.Debug|Any CPU.ActiveCfg = Debug
		{D2994610-98E8-4942-8643-5515722F3FF0}.Debug|x64.ActiveCfg = Debug
		{D2994610-98E8-4942-8643-5515722F3FF0}.Debug|x86.ActiveCfg = Debug
		{D2994610-98E8-4942-8643-5515722F3FF0}.Release|Any CPU.ActiveCfg = Release
		{D2994610-98E8-4942-8643-5515722F3FF0}.Release|x64.ActiveCfg = Release
		{D2994610-98E8-4942-8643-5515722F3FF0}.Release|x86.ActiveCfg = Release
	EndGlobalSection
	GlobalSection(SolutionProperties) = preSolution
		HideSolutionNode = FALSE
	EndGlobalSection
	GlobalSection(ExtensibilityGlobals) = postSolution
		SolutionGuid = {9B2569CA-5E60-4743-9497-FCE8940AD153}
	EndGlobalSection
EndGlobal
